
Microsoft Visual Studio Solution File, Format Version 12.00
# Visual Studio 15
VisualStudioVersion = 15.0.28010.2016
MinimumVisualStudioVersion = 10.0.40219.1
Project("{FAE04EC0-301F-11D3-BF4B-00C04F79EFBC}") = "AutoUpdater.Server.Test", "AutoUpdater.Server.Test\AutoUpdater.Server.Test.csproj", "{49EE2A64-461A-45FF-A105-91B4489B5DBF}"
EndProject
Project("{FAE04EC0-301F-11D3-BF4B-00C04F79EFBC}") = "HPSocketCS", "HPSocketCS\HPSocketCS.csproj", "{151CE258-6F55-498C-9F44-B8132403DCEA}"
EndProject
Project("{FAE04EC0-301F-11D3-BF4B-00C04F79EFBC}") = "Infrastructure", "Infrastructure\Infrastructure.csproj", "{EEAE5303-F337-40E6-A885-B40D71C78A98}"
EndProject
Project("{FAE04EC0-301F-11D3-BF4B-00C04F79EFBC}") = "MyRobot.CommunicatePackage.Core", "MyRobot.CommunicatePackage.Core\MyRobot.CommunicatePackage.Core.csproj", "{AEC8B812-4AB3-4A29-88A6-D6280CC4FCEA}"
EndProject
Project("{FAE04EC0-301F-11D3-BF4B-00C04F79EFBC}") = "MyRobot.Interface.AutoUpdater", "MyRobot.Interface.AutoUpdater\MyRobot.Interface.AutoUpdater.csproj", "{41816C47-E972-4114-96CE-42CE1E2BFFFB}"
EndProject
Project("{FAE04EC0-301F-11D3-BF4B-00C04F79EFBC}") = "MyRobotModel", "MyRobotModel\MyRobotModel.csproj", "{E37DF3BA-461F-44F1-8BBD-56EC257DD8D4}"
EndProject
Global
	GlobalSection(SolutionConfigurationPlatforms) = preSolution
		Debug|Any CPU = Debug|Any CPU
		Release|Any CPU = Release|Any CPU
	EndGlobalSection
	GlobalSection(ProjectConfigurationPlatforms) = postSolution
		{49EE2A64-461A-45FF-A105-91B4489B5DBF}.Debug|Any CPU.ActiveCfg = Debug|Any CPU
		{49EE2A64-461A-45FF-A105-91B4489B5DBF}.Debug|Any CPU.Build.0 = Debug|Any CPU
		{49EE2A64-461A-45FF-A105-91B4489B5DBF}.Release|Any CPU.ActiveCfg = Release|Any CPU
		{49EE2A64-461A-45FF-A105-91B4489B5DBF}.Release|Any CPU.Build.0 = Release|Any CPU
		{151CE258-6F55-498C-9F44-B8132403DCEA}.Debug|Any CPU.ActiveCfg = Debug|Any CPU
		{151CE258-6F55-498C-9F44-B8132403DCEA}.Debug|Any CPU.Build.0 = Debug|Any CPU
		{151CE258-6F55-498C-9F44-B8132403DCEA}.Release|Any CPU.ActiveCfg = Release|Any CPU
		{151CE258-6F55-498C-9F44-B8132403DCEA}.Release|Any CPU.Build.0 = Release|Any CPU
		{EEAE5303-F337-40E6-A885-B40D71C78A98}.Debug|Any CPU.ActiveCfg = Debug|Any CPU
		{EEAE5303-F337-40E6-A885-B40D71C78A98}.Debug|Any CPU.Build.0 = Debug|Any CPU
		{EEAE5303-F337-40E6-A885-B40D71C78A98}.Release|Any CPU.ActiveCfg = Release|Any CPU
		{EEAE5303-F337-40E6-A885-B40D71C78A98}.Release|Any CPU.Build.0 = Release|Any CPU
		{AEC8B812-4AB3-4A29-88A6-D6280CC4FCEA}.Debug|Any CPU.ActiveCfg = Debug|Any CPU
		{AEC8B812-4AB3-4A29-88A6-D6280CC4FCEA}.Debug|Any CPU.Build.0 = Debug|Any CPU
		{AEC8B812-4AB3-4A29-88A6-D6280CC4FCEA}.Release|Any CPU.ActiveCfg = Release|Any CPU
		{AEC8B812-4AB3-4A29-88A6-D6280CC4FCEA}.Release|Any CPU.Build.0 = Release|Any CPU
		{41816C47-E972-4114-96CE-42CE1E2BFFFB}.Debug|Any CPU.ActiveCfg = Debug|Any CPU
		{41816C47-E972-4114-96CE-42CE1E2BFFFB}.Debug|Any CPU.Build.0 = Debug|Any CPU
		{41816C47-E972-4114-96CE-42CE1E2BFFFB}.Release|Any CPU.ActiveCfg = Release|Any CPU
		{41816C47-E972-4114-96CE-42CE1E2BFFFB}.Release|Any CPU.Build.0 = Release|Any CPU
		{E37DF3BA-461F-44F1-8BBD-56EC257DD8D4}.Debug|Any CPU.ActiveCfg = Debug|Any CPU
		{E37DF3BA-461F-44F1-8BBD-56EC257DD8D4}.Debug|Any CPU.Build.0 = Debug|Any CPU
		{E37DF3BA-461F-44F1-8BBD-56EC257DD8D4}.Release|Any CPU.ActiveCfg = Release|Any CPU
		{E37DF3BA-461F-44F1-8BBD-56EC257DD8D4}.Release|Any CPU.Build.0 = Release|Any CPU
	EndGlobalSection
	GlobalSection(SolutionProperties) = preSolution
		HideSolutionNode = FALSE
	EndGlobalSection
	GlobalSection(ExtensibilityGlobals) = postSolution
		SolutionGuid = {0E8F1EFA-8D39-483F-94C7-E7DD6D6217F8}
	EndGlobalSection
EndGlobal
